
Microsoft Visual Studio Solution File, Format Version 12.00
# Visual Studio 15
VisualStudioVersion = 15.0.28010.2046
MinimumVisualStudioVersion = 10.0.40219.1
Project("{FAE04EC0-301F-11D3-BF4B-00C04F79EFBC}") = "PrimalLauncher", "Launcher\PrimalLauncher.csproj", "{93F70C67-BBAF-4D4F-9E49-830709036909}"
EndProject
Global
	GlobalSection(SolutionConfigurationPlatforms) = preSolution
		Debug|Any CPU = Debug|Any CPU
		Release|Any CPU = Release|Any CPU
	EndGlobalSection
	GlobalSection(ProjectConfigurationPlatforms) = postSolution
		{93F70C67-BBAF-4D4F-9E49-830709036909}.Debug|Any CPU.ActiveCfg = Debug|Any CPU
		{93F70C67-BBAF-4D4F-9E49-830709036909}.Debug|Any CPU.Build.0 = Debug|Any CPU
		{93F70C67-BBAF-4D4F-9E49-830709036909}.Release|Any CPU.ActiveCfg = Release|Any CPU
		{93F70C67-BBAF-4D4F-9E49-830709036909}.Release|Any CPU.Build.0 = Release|Any CPU
	EndGlobalSection
	GlobalSection(SolutionProperties) = preSolution
		HideSolutionNode = FALSE
	EndGlobalSection
	GlobalSection(ExtensibilityGlobals) = postSolution
		SolutionGuid = {6EEAC0FA-FF8A-45AE-9527-E7A25486B5E0}
	EndGlobalSection
EndGlobal
